
Microsoft Visual Studio Solution File, Format Version 12.00
# Visual Studio Version 17
VisualStudioVersion = 17.11.35222.181
MinimumVisualStudioVersion = 10.0.40219.1
Project("{FAE04EC0-301F-11D3-BF4B-00C04F79EFBC}") = "WebApplication1", "WebApplication1\WebApplication1.csproj", "{63067CB3-18DA-40E0-8C46-834B73E5FC4E}"
EndProject
Global
	GlobalSection(SolutionConfigurationPlatforms) = preSolution
		Debug|Any CPU = Debug|Any CPU
		Release|Any CPU = Release|Any CPU
	EndGlobalSection
	GlobalSection(ProjectConfigurationPlatforms) = postSolution
		{63067CB3-18DA-40E0-8C46-834B73E5FC4E}.Debug|Any CPU.ActiveCfg = Debug|Any CPU
		{63067CB3-18DA-40E0-8C46-834B73E5FC4E}.Debug|Any CPU.Build.0 = Debug|Any CPU
		{63067CB3-18DA-40E0-8C46-834B73E5FC4E}.Release|Any CPU.ActiveCfg = Release|Any CPU
		{63067CB3-18DA-40E0-8C46-834B73E5FC4E}.Release|Any CPU.Build.0 = Release|Any CPU
	EndGlobalSection
	GlobalSection(SolutionProperties) = preSolution
		HideSolutionNode = FALSE
	EndGlobalSection
	GlobalSection(ExtensibilityGlobals) = postSolution
		SolutionGuid = {4EC467B1-9308-4C4E-B94B-8229545462B1}
	EndGlobalSection
EndGlobal
